
Microsoft Visual Studio Solution File, Format Version 12.00
# Visual Studio Version 16
VisualStudioVersion = 16.0.28803.352
MinimumVisualStudioVersion = 10.0.40219.1
Project("{FAE04EC0-301F-11D3-BF4B-00C04F79EFBC}") = "Highscore", "Highscore.csproj", "{6A6A3E13-DCBA-4C6C-B9B5-5DDF2D12124E}"
EndProject
Project("{FAE04EC0-301F-11D3-BF4B-00C04F79EFBC}") = "UnitTestProject", "..\UnitTestProject\UnitTestProject.csproj", "{8016727F-BA89-4AC2-A313-070CFB6F0E5A}"
EndProject
Global
	GlobalSection(SolutionConfigurationPlatforms) = preSolution
		Debug|Any CPU = Debug|Any CPU
		Release|Any CPU = Release|Any CPU
	EndGlobalSection
	GlobalSection(ProjectConfigurationPlatforms) = postSolution
		{6A6A3E13-DCBA-4C6C-B9B5-5DDF2D12124E}.Debug|Any CPU.ActiveCfg = Debug|Any CPU
		{6A6A3E13-DCBA-4C6C-B9B5-5DDF2D12124E}.Debug|Any CPU.Build.0 = Debug|Any CPU
		{6A6A3E13-DCBA-4C6C-B9B5-5DDF2D12124E}.Release|Any CPU.ActiveCfg = Release|Any CPU
		{6A6A3E13-DCBA-4C6C-B9B5-5DDF2D12124E}.Release|Any CPU.Build.0 = Release|Any CPU
		{8016727F-BA89-4AC2-A313-070CFB6F0E5A}.Debug|Any CPU.ActiveCfg = Debug|Any CPU
		{8016727F-BA89-4AC2-A313-070CFB6F0E5A}.Debug|Any CPU.Build.0 = Debug|Any CPU
		{8016727F-BA89-4AC2-A313-070CFB6F0E5A}.Release|Any CPU.ActiveCfg = Release|Any CPU
		{8016727F-BA89-4AC2-A313-070CFB6F0E5A}.Release|Any CPU.Build.0 = Release|Any CPU
	EndGlobalSection
	GlobalSection(SolutionProperties) = preSolution
		HideSolutionNode = FALSE
	EndGlobalSection
	GlobalSection(ExtensibilityGlobals) = postSolution
		SolutionGuid = {772A16AF-014A-47AE-B220-D1A90077703F}
	EndGlobalSection
EndGlobal
